
Microsoft Visual Studio Solution File, Format Version 12.00
# Visual Studio Version 17
VisualStudioVersion = 17.8.34525.116
MinimumVisualStudioVersion = 10.0.40219.1
Project("{FAE04EC0-301F-11D3-BF4B-00C04F79EFBC}") = "EimzaSignerService", "EimzaSignerService.csproj", "{C464C5B6-2B4A-4C6F-BA99-AC1920305388}"
EndProject
Global
	GlobalSection(SolutionConfigurationPlatforms) = preSolution
		Debug|Any CPU = Debug|Any CPU
		Release|Any CPU = Release|Any CPU
	EndGlobalSection
	GlobalSection(ProjectConfigurationPlatforms) = postSolution
		{C464C5B6-2B4A-4C6F-BA99-AC1920305388}.Debug|Any CPU.ActiveCfg = Debug|Any CPU
		{C464C5B6-2B4A-4C6F-BA99-AC1920305388}.Debug|Any CPU.Build.0 = Debug|Any CPU
		{C464C5B6-2B4A-4C6F-BA99-AC1920305388}.Release|Any CPU.ActiveCfg = Release|Any CPU
		{C464C5B6-2B4A-4C6F-BA99-AC1920305388}.Release|Any CPU.Build.0 = Release|Any CPU
	EndGlobalSection
	GlobalSection(SolutionProperties) = preSolution
		HideSolutionNode = FALSE
	EndGlobalSection
	GlobalSection(ExtensibilityGlobals) = postSolution
		SolutionGuid = {8664F13E-67E1-44AD-AF9D-00D5E92B7463}
	EndGlobalSection
EndGlobal
